<?xml version="1.0" encoding="utf-8"?>
<Project ToolsVersion="4.0" xmlns="http://schemas.microsoft.com/developer/msbuild/2003">
  <ItemGroup>
    <Filter Include="data">
      <UniqueIdentifier>{B9C7018A-D9C2-7F46-B2F0-44781156C529}</UniqueIdentifier>
    </Filter>
  </ItemGroup>
  <ItemGroup>
    <ClCompile Include="World Scene.cpp" />
    <ClCompile Include="Shader.cpp" />
    <ClCompile Include="Objects.cpp" />
    <ClCompile Include="Camera.cpp" />
    <ClCompile Include="Model.cpp" />
  </ItemGroup>
  <ItemGroup>
    <ClInclude Include="Shader.h" />
    <ClInclude Include="Objects.h" />
    <ClInclude Include="Camera.h" />
    <ClInclude Include="Model.h" />
  </ItemGroup>
  <ItemGroup>
    <None Include="data\ball.vert">
      <Filter>data</Filter>
    </None>
    <None Include="data\color.frag">
      <Filter>data</Filter>
    </None>
    <None Include="data\object.vert">
      <Filter>data</Filter>
    </None>
    <None Include="data\planete.vert">
      <Filter>data</Filter>
    </None>
    <None Include="data\texture.frag">
      <Filter>data</Filter>
    </None>
    <None Include="data\texture.vert">
      <Filter>data</Filter>
    </None>
  </ItemGroup>
</Project>